
Microsoft Visual Studio Solution File, Format Version 12.00
# Visual Studio Version 17
VisualStudioVersion = 17.14.37411.7 d17.14
MinimumVisualStudioVersion = 10.0.40219.1
Project("{FAE04EC0-301F-11D3-BF4B-00C04F79EFBC}") = "WeeklyReportApi", "WeeklyReportApi\WeeklyReportApi.csproj", "{22D50C2D-B64E-436B-B926-C914BDD0D686}"
EndProject
Global
	GlobalSection(SolutionConfigurationPlatforms) = preSolution
		Debug|Any CPU = Debug|Any CPU
		Release|Any CPU = Release|Any CPU
	EndGlobalSection
	GlobalSection(ProjectConfigurationPlatforms) = postSolution
		{22D50C2D-B64E-436B-B926-C914BDD0D686}.Debug|Any CPU.ActiveCfg = Debug|Any CPU
		{22D50C2D-B64E-436B-B926-C914BDD0D686}.Debug|Any CPU.Build.0 = Debug|Any CPU
		{22D50C2D-B64E-436B-B926-C914BDD0D686}.Release|Any CPU.ActiveCfg = Release|Any CPU
		{22D50C2D-B64E-436B-B926-C914BDD0D686}.Release|Any CPU.Build.0 = Release|Any CPU
	EndGlobalSection
	GlobalSection(SolutionProperties) = preSolution
		HideSolutionNode = FALSE
	EndGlobalSection
	GlobalSection(ExtensibilityGlobals) = postSolution
		SolutionGuid = {3A38FA6C-62CB-47F7-94BE-739D1DD77D36}
	EndGlobalSection
EndGlobal
